// !$*UTF8*$!
{
	archiveVersion = 1;
	classes = {
	};
	objectVersion = 46;
	objects = {

/* Begin PBXBuildFile section */
		111E91B01EB594160072D98E /* AppDelegate.swift in Sources */ = {isa = PBXBuildFile; fileRef = 111E91AF1EB594160072D98E /* AppDelegate.swift */; };
		111E91B71EB594170072D98E /* Assets.xcassets in Resources */ = {isa = PBXBuildFile; fileRef = 111E91B61EB594170072D98E /* Assets.xcassets */; };
		111E91BA1EB594170072D98E /* LaunchScreen.storyboard in Resources */ = {isa = PBXBuildFile; fileRef = 111E91B81EB594170072D98E /* LaunchScreen.storyboard */; };
		111E91C51EB594180072D98E /* ClimbWithMeTests.swift in Sources */ = {isa = PBXBuildFile; fileRef = 111E91C41EB594180072D98E /* ClimbWithMeTests.swift */; };
		11EA06F31EB6A8770040F01E /* LogInViewController.swift in Sources */ = {isa = PBXBuildFile; fileRef = 11EA06F21EB6A8770040F01E /* LogInViewController.swift */; };
		11EA06F51EB6A8DE0040F01E /* LogInViewModel.swift in Sources */ = {isa = PBXBuildFile; fileRef = 11EA06F41EB6A8DE0040F01E /* LogInViewModel.swift */; };
		11EA06F71EB6A9820040F01E /* User.swift in Sources */ = {isa = PBXBuildFile; fileRef = 11EA06F61EB6A9820040F01E /* User.swift */; };
/* End PBXBuildFile section */

/* Begin PBXContainerItemProxy section */
		111E91C11EB594170072D98E /* PBXContainerItemProxy */ = {
			isa = PBXContainerItemProxy;
			containerPortal = 111E91A41EB594160072D98E /* Project object */;
			proxyType = 1;
			remoteGlobalIDString = 111E91AB1EB594160072D98E;
			remoteInfo = ClimbWithMe;
		};
/* End PBXContainerItemProxy section */

/* Begin PBXFileReference section */
		111E91AC1EB594160072D98E /* ClimbWithMe.app */ = {isa = PBXFileReference; explicitFileType = wrapper.application; includeInIndex = 0; path = ClimbWithMe.app; sourceTree = BUILT_PRODUCTS_DIR; };
		111E91AF1EB594160072D98E /* AppDelegate.swift */ = {isa = PBXFileReference; lastKnownFileType = sourcecode.swift; path = AppDelegate.swift; sourceTree = "<group>"; };
		111E91B61EB594170072D98E /* Assets.xcassets */ = {isa = PBXFileReference; lastKnownFileType = folder.assetcatalog; path = Assets.xcassets; sourceTree = "<group>"; };
		111E91B91EB594170072D98E /* Base */ = {isa = PBXFileReference; lastKnownFileType = file.storyboard; name = Base; path = Base.lproj/LaunchScreen.storyboard; sourceTree = "<group>"; };
		111E91BB1EB594170072D98E /* Info.plist */ = {isa = PBXFileReference; lastKnownFileType = text.plist.xml; path = Info.plist; sourceTree = "<group>"; };
		111E91C01EB594170072D98E /* ClimbWithMeTests.xctest */ = {isa = PBXFileReference; explicitFileType = wrapper.cfbundle; includeInIndex = 0; path = ClimbWithMeTests.xctest; sourceTree = BUILT_PRODUCTS_DIR; };
		111E91C41EB594180072D98E /* ClimbWithMeTests.swift */ = {isa = PBXFileReference; lastKnownFileType = sourcecode.swift; path = ClimbWithMeTests.swift; sourceTree = "<group>"; };
		111E91C61EB594180072D98E /* Info.plist */ = {isa = PBXFileReference; lastKnownFileType = text.plist.xml; path = Info.plist; sourceTree = "<group>"; };
		11EA06F21EB6A8770040F01E /* LogInViewController.swift */ = {isa = PBXFileReference; fileEncoding = 4; lastKnownFileType = sourcecode.swift; path = LogInViewController.swift; sourceTree = "<group>"; };
		11EA06F41EB6A8DE0040F01E /* LogInViewModel.swift */ = {isa = PBXFileReference; fileEncoding = 4; lastKnownFileType = sourcecode.swift; path = LogInViewModel.swift; sourceTree = "<group>"; };
		11EA06F61EB6A9820040F01E /* User.swift */ = {isa = PBXFileReference; fileEncoding = 4; lastKnownFileType = sourcecode.swift; path = User.swift; sourceTree = "<group>"; };
/* End PBXFileReference section */

/* Begin PBXFrameworksBuildPhase section */
		111E91A91EB594160072D98E /* Frameworks */ = {
			isa = PBXFrameworksBuildPhase;
			buildActionMask = 2147483647;
			files = (
			);
			runOnlyForDeploymentPostprocessing = 0;
		};
		111E91BD1EB594170072D98E /* Frameworks */ = {
			isa = PBXFrameworksBuildPhase;
			buildActionMask = 2147483647;
			files = (
			);
			runOnlyForDeploymentPostprocessing = 0;
		};
/* End PBXFrameworksBuildPhase section */

/* Begin PBXGroup section */
		111E91A31EB594160072D98E = {
			isa = PBXGroup;
			children = (
				111E91AE1EB594160072D98E /* ClimbWithMe */,
				111E91C31EB594180072D98E /* ClimbWithMeTests */,
				111E91AD1EB594160072D98E /* Products */,
			);
			sourceTree = "<group>";
		};
		111E91AD1EB594160072D98E /* Products */ = {
			isa = PBXGroup;
			children = (
				111E91AC1EB594160072D98E /* ClimbWithMe.app */,
				111E91C01EB594170072D98E /* ClimbWithMeTests.xctest */,
			);
			name = Products;
			sourceTree = "<group>";
		};
		111E91AE1EB594160072D98E /* ClimbWithMe */ = {
			isa = PBXGroup;
			children = (
				11EA06ED1EB698330040F01E /* Model */,
				11EA06F11EB698640040F01E /* View */,
				11EA06EF1EB698490040F01E /* View Model */,
				111E91B61EB594170072D98E /* Assets.xcassets */,
				111E91B81EB594170072D98E /* LaunchScreen.storyboard */,
				111E91BB1EB594170072D98E /* Info.plist */,
			);
			path = ClimbWithMe;
			sourceTree = "<group>";
		};
		111E91C31EB594180072D98E /* ClimbWithMeTests */ = {
			isa = PBXGroup;
			children = (
				111E91C41EB594180072D98E /* ClimbWithMeTests.swift */,
				111E91C61EB594180072D98E /* Info.plist */,
			);
			path = ClimbWithMeTests;
			sourceTree = "<group>";
		};
		11EA06ED1EB698330040F01E /* Model */ = {
			isa = PBXGroup;
			children = (
				11EA06F61EB6A9820040F01E /* User.swift */,
			);
			name = Model;
			sourceTree = "<group>";
		};
		11EA06EF1EB698490040F01E /* View Model */ = {
			isa = PBXGroup;
			children = (
				111E91AF1EB594160072D98E /* AppDelegate.swift */,
				11EA06F41EB6A8DE0040F01E /* LogInViewModel.swift */,
			);
			name = "View Model";
			sourceTree = "<group>";
		};
		11EA06F11EB698640040F01E /* View */ = {
			isa = PBXGroup;
			children = (
				11EA06F21EB6A8770040F01E /* LogInViewController.swift */,
			);
			name = View;
			sourceTree = "<group>";
		};
/* End PBXGroup section */

/* Begin PBXNativeTarget section */
		111E91AB1EB594160072D98E /* ClimbWithMe */ = {
			isa = PBXNativeTarget;
			buildConfigurationList = 111E91C91EB594180072D98E /* Build configuration list for PBXNativeTarget "ClimbWithMe" */;
			buildPhases = (
				111E91A81EB594160072D98E /* Sources */,
				111E91A91EB594160072D98E /* Frameworks */,
				111E91AA1EB594160072D98E /* Resources */,
			);
			buildRules = (
			);
			dependencies = (
			);
			name = ClimbWithMe;
			productName = ClimbWithMe;
			productReference = 111E91AC1EB594160072D98E /* ClimbWithMe.app */;
			productType = "com.apple.product-type.application";
		};
		111E91BF1EB594170072D98E /* ClimbWithMeTests */ = {
			isa = PBXNativeTarget;
			buildConfigurationList = 111E91CC1EB594180072D98E /* Build configuration list for PBXNativeTarget "ClimbWithMeTests" */;
			buildPhases = (
				111E91BC1EB594170072D98E /* Sources */,
				111E91BD1EB594170072D98E /* Frameworks */,
				111E91BE1EB594170072D98E /* Resources */,
			);
			buildRules = (
			);
			dependencies = (
				111E91C21EB594170072D98E /* PBXTargetDependency */,
			);
			name = ClimbWithMeTests;
			productName = ClimbWithMeTests;
			productReference = 111E91C01EB594170072D98E /* ClimbWithMeTests.xctest */;
			productType = "com.apple.product-type.bundle.unit-test";
		};
/* End PBXNativeTarget section */

/* Begin PBXProject section */
		111E91A41EB594160072D98E /* Project object */ = {
			isa = PBXProject;
			attributes = {
				LastSwiftUpdateCheck = 0830;
				LastUpgradeCheck = 0830;
				ORGANIZATIONNAME = Dougly;
				TargetAttributes = {
					111E91AB1EB594160072D98E = {
						CreatedOnToolsVersion = 8.3;
						DevelopmentTeam = RL4R32J4H9;
						ProvisioningStyle = Automatic;
					};
					111E91BF1EB594170072D98E = {
						CreatedOnToolsVersion = 8.3;
						DevelopmentTeam = RL4R32J4H9;
						ProvisioningStyle = Automatic;
						TestTargetID = 111E91AB1EB594160072D98E;
					};
				};
			};
			buildConfigurationList = 111E91A71EB594160072D98E /* Build configuration list for PBXProject "ClimbWithMe" */;
			compatibilityVersion = "Xcode 3.2";
			developmentRegion = English;
			hasScannedForEncodings = 0;
			knownRegions = (
				en,
				Base,
			);
			mainGroup = 111E91A31EB594160072D98E;
			productRefGroup = 111E91AD1EB594160072D98E /* Products */;
			projectDirPath = "";
			projectRoot = "";
			targets = (
				111E91AB1EB594160072D98E /* ClimbWithMe */,
				111E91BF1EB594170072D98E /* ClimbWithMeTests */,
			);
		};
/* End PBXProject section */

/* Begin PBXResourcesBuildPhase section */
		111E91AA1EB594160072D98E /* Resources */ = {
			isa = PBXResourcesBuildPhase;
			buildActionMask = 2147483647;
			files = (
				111E91BA1EB594170072D98E /* LaunchScreen.storyboard in Resources */,
				111E91B71EB594170072D98E /* Assets.xcassets in Resources */,
			);
			runOnlyForDeploymentPostprocessing = 0;
		};
		111E91BE1EB594170072D98E /* Resources */ = {
			isa = PBXResourcesBuildPhase;
			buildActionMask = 2147483647;
			files = (
			);
			runOnlyForDeploymentPostprocessing = 0;
		};
/* End PBXResourcesBuildPhase section */

/* Begin PBXSourcesBuildPhase section */
		111E91A81EB594160072D98E /* Sources */ = {
			isa = PBXSourcesBuildPhase;
			buildActionMask = 2147483647;
			files = (
				11EA06F71EB6A9820040F01E /* User.swift in Sources */,
				111E91B01EB594160072D98E /* AppDelegate.swift in Sources */,
				11EA06F51EB6A8DE0040F01E /* LogInViewModel.swift in Sources */,
				11EA06F31EB6A8770040F01E /* LogInViewController.swift in Sources */,
			);
			runOnlyForDeploymentPostprocessing = 0;
		};
		111E91BC1EB594170072D98E /* Sources */ = {
			isa = PBXSourcesBuildPhase;
			buildActionMask = 2147483647;
			files = (
				111E91C51EB594180072D98E /* ClimbWithMeTests.swift in Sources */,
			);
			runOnlyForDeploymentPostprocessing = 0;
		};
/* End PBXSourcesBuildPhase section */

/* Begin PBXTargetDependency section */
		111E91C21EB594170072D98E /* PBXTargetDependency */ = {
			isa = PBXTargetDependency;
			target = 111E91AB1EB594160072D98E /* ClimbWithMe */;
			targetProxy = 111E91C11EB594170072D98E /* PBXContainerItemProxy */;
		};
/* End PBXTargetDependency section */

/* Begin PBXVariantGroup section */
		111E91B81EB594170072D98E /* LaunchScreen.storyboard */ = {
			isa = PBXVariantGroup;
			children = (
				111E91B91EB594170072D98E /* Base */,
			);
			name = LaunchScreen.storyboard;
			sourceTree = "<group>";
		};
/* End PBXVariantGroup section */

/* Begin XCBuildConfiguration section */
		111E91C71EB594180072D98E /* Debug */ = {
			isa = XCBuildConfiguration;
			buildSettings = {
				ALWAYS_SEARCH_USER_PATHS = NO;
				CLANG_ANALYZER_NONNULL = YES;
				CLANG_ANALYZER_NUMBER_OBJECT_CONVERSION = YES_AGGRESSIVE;
				CLANG_CXX_LANGUAGE_STANDARD = "gnu++0x";
				CLANG_CXX_LIBRARY = "libc++";
				CLANG_ENABLE_MODULES = YES;
				CLANG_ENABLE_OBJC_ARC = YES;
				CLANG_WARN_BOOL_CONVERSION = YES;
				CLANG_WARN_CONSTANT_CONVERSION = YES;
				CLANG_WARN_DIRECT_OBJC_ISA_USAGE = YES_ERROR;
				CLANG_WARN_DOCUMENTATION_COMMENTS = YES;
				CLANG_WARN_EMPTY_BODY = YES;
				CLANG_WARN_ENUM_CONVERSION = YES;
				CLANG_WARN_INFINITE_RECURSION = YES;
				CLANG_WARN_INT_CONVERSION = YES;
				CLANG_WARN_OBJC_ROOT_CLASS = YES_ERROR;
				CLANG_WARN_SUSPICIOUS_MOVE = YES;
				CLANG_WARN_UNREACHABLE_CODE = YES;
				CLANG_WARN__DUPLICATE_METHOD_MATCH = YES;
				"CODE_SIGN_IDENTITY[sdk=iphoneos*]" = "iPhone Developer";
				COPY_PHASE_STRIP = NO;
				DEBUG_INFORMATION_FORMAT = dwarf;
				ENABLE_STRICT_OBJC_MSGSEND = YES;
				ENABLE_TESTABILITY = YES;
				GCC_C_LANGUAGE_STANDARD = gnu99;
				GCC_DYNAMIC_NO_PIC = NO;
				GCC_NO_COMMON_BLOCKS = YES;
				GCC_OPTIMIZATION_LEVEL = 0;
				GCC_PREPROCESSOR_DEFINITIONS = (
					"DEBUG=1",
					"$(inherited)",
				);
				GCC_WARN_64_TO_32_BIT_CONVERSION = YES;
				GCC_WARN_ABOUT_RETURN_TYPE = YES_ERROR;
				GCC_WARN_UNDECLARED_SELECTOR = YES;
				GCC_WARN_UNINITIALIZED_AUTOS = YES_AGGRESSIVE;
				GCC_WARN_UNUSED_FUNCTION = YES;
				GCC_WARN_UNUSED_VARIABLE = YES;
				IPHONEOS_DEPLOYMENT_TARGET = 10.3;
				MTL_ENABLE_DEBUG_INFO = YES;
				ONLY_ACTIVE_ARCH = YES;
				SDKROOT = iphoneos;
				SWIFT_ACTIVE_COMPILATION_CONDITIONS = DEBUG;
				SWIFT_OPTIMIZATION_LEVEL = "-Onone";
				TARGETED_DEVICE_FAMILY = "1,2";
			};
			name = Debug;
		};
		111E91C81EB594180072D98E /* Release */ = {
			isa = XCBuildConfiguration;
			buildSettings = {
				ALWAYS_SEARCH_USER_PATHS = NO;
				CLANG_ANALYZER_NONNULL = YES;
				CLANG_ANALYZER_NUMBER_OBJECT_CONVERSION = YES_AGGRESSIVE;
				CLANG_CXX_LANGUAGE_STANDARD = "gnu++0x";
				CLANG_CXX_LIBRARY = "libc++";
				CLANG_ENABLE_MODULES = YES;
				CLANG_ENABLE_OBJC_ARC = YES;
				CLANG_WARN_BOOL_CONVERSION = YES;
				CLANG_WARN_CONSTANT_CONVERSION = YES;
				CLANG_WARN_DIRECT_OBJC_ISA_USAGE = YES_ERROR;
				CLANG_WARN_DOCUMENTATION_COMMENTS = YES;
				CLANG_WARN_EMPTY_BODY = YES;
				CLANG_WARN_ENUM_CONVERSION = YES;
				CLANG_WARN_INFINITE_RECURSION = YES;
				CLANG_WARN_INT_CONVERSION = YES;
				CLANG_WARN_OBJC_ROOT_CLASS = YES_ERROR;
				CLANG_WARN_SUSPICIOUS_MOVE = YES;
				CLANG_WARN_UNREACHABLE_CODE = YES;
				CLANG_WARN__DUPLICATE_METHOD_MATCH = YES;
				"CODE_SIGN_IDENTITY[sdk=iphoneos*]" = "iPhone Developer";
				COPY_PHASE_STRIP = NO;
				DEBUG_INFORMATION_FORMAT = "dwarf-with-dsym";
				ENABLE_NS_ASSERTIONS = NO;
				ENABLE_STRICT_OBJC_MSGSEND = YES;
				GCC_C_LANGUAGE_STANDARD = gnu99;
				GCC_NO_COMMON_BLOCKS = YES;
				GCC_WARN_64_TO_32_BIT_CONVERSION = YES;
				GCC_WARN_ABOUT_RETURN_TYPE = YES_ERROR;
				GCC_WARN_UNDECLARED_SELECTOR = YES;
				GCC_WARN_UNINITIALIZED_AUTOS = YES_AGGRESSIVE;
				GCC_WARN_UNUSED_FUNCTION = YES;
				GCC_WARN_UNUSED_VARIABLE = YES;
				IPHONEOS_DEPLOYMENT_TARGET = 10.3;
				MTL_ENABLE_DEBUG_INFO = NO;
				SDKROOT = iphoneos;
				SWIFT_OPTIMIZATION_LEVEL = "-Owholemodule";
				TARGETED_DEVICE_FAMILY = "1,2";
				VALIDATE_PRODUCT = YES;
			};
			name = Release;
		};
		111E91CA1EB594180072D98E /* Debug */ = {
			isa = XCBuildConfiguration;
			buildSettings = {
				ASSETCATALOG_COMPILER_APPICON_NAME = AppIcon;
				DEVELOPMENT_TEAM = RL4R32J4H9;
				INFOPLIST_FILE = ClimbWithMe/Info.plist;
				LD_RUNPATH_SEARCH_PATHS = "$(inherited) @executable_path/Frameworks";
				PRODUCT_BUNDLE_IDENTIFIER = com.dougly.ClimbWithMe;
				PRODUCT_NAME = "$(TARGET_NAME)";
				SWIFT_VERSION = 3.0;
			};
			name = Debug;
		};
		111E91CB1EB594180072D98E /* Release */ = {
			isa = XCBuildConfiguration;
			buildSettings = {
				ASSETCATALOG_COMPILER_APPICON_NAME = AppIcon;
				DEVELOPMENT_TEAM = RL4R32J4H9;
				INFOPLIST_FILE = ClimbWithMe/Info.plist;
				LD_RUNPATH_SEARCH_PATHS = "$(inherited) @executable_path/Frameworks";
				PRODUCT_BUNDLE_IDENTIFIER = com.dougly.ClimbWithMe;
				PRODUCT_NAME = "$(TARGET_NAME)";
				SWIFT_VERSION = 3.0;
			};
			name = Release;
		};
		111E91CD1EB594180072D98E /* Debug */ = {
			isa = XCBuildConfiguration;
			buildSettings = {
				ALWAYS_EMBED_SWIFT_STANDARD_LIBRARIES = YES;
				BUNDLE_LOADER = "$(TEST_HOST)";
				DEVELOPMENT_TEAM = RL4R32J4H9;
				INFOPLIST_FILE = ClimbWithMeTests/Info.plist;
				LD_RUNPATH_SEARCH_PATHS = "$(inherited) @executable_path/Frameworks @loader_path/Frameworks";
				PRODUCT_BUNDLE_IDENTIFIER = com.dougly.ClimbWithMeTests;
				PRODUCT_NAME = "$(TARGET_NAME)";
				SWIFT_VERSION = 3.0;
				TEST_HOST = "$(BUILT_PRODUCTS_DIR)/ClimbWithMe.app/ClimbWithMe";
			};
			name = Debug;
		};
		111E91CE1EB594180072D98E /* Release */ = {
			isa = XCBuildConfiguration;
			buildSettings = {
				ALWAYS_EMBED_SWIFT_STANDARD_LIBRARIES = YES;
				BUNDLE_LOADER = "$(TEST_HOST)";
				DEVELOPMENT_TEAM = RL4R32J4H9;
				INFOPLIST_FILE = ClimbWithMeTests/Info.plist;
				LD_RUNPATH_SEARCH_PATHS = "$(inherited) @executable_path/Frameworks @loader_path/Frameworks";
				PRODUCT_BUNDLE_IDENTIFIER = com.dougly.ClimbWithMeTests;
				PRODUCT_NAME = "$(TARGET_NAME)";
				SWIFT_VERSION = 3.0;
				TEST_HOST = "$(BUILT_PRODUCTS_DIR)/ClimbWithMe.app/ClimbWithMe";
			};
			name = Release;
		};
/* End XCBuildConfiguration section */

/* Begin XCConfigurationList section */
		111E91A71EB594160072D98E /* Build configuration list for PBXProject "ClimbWithMe" */ = {
			isa = XCConfigurationList;
			buildConfigurations = (
				111E91C71EB594180072D98E /* Debug */,
				111E91C81EB594180072D98E /* Release */,
			);
			defaultConfigurationIsVisible = 0;
			defaultConfigurationName = Release;
		};
		111E91C91EB594180072D98E /* Build configuration list for PBXNativeTarget "ClimbWithMe" */ = {
			isa = XCConfigurationList;
			buildConfigurations = (
				111E91CA1EB594180072D98E /* Debug */,
				111E91CB1EB594180072D98E /* Release */,
			);
			defaultConfigurationIsVisible = 0;
			defaultConfigurationName = Release;
		};
		111E91CC1EB594180072D98E /* Build configuration list for PBXNativeTarget "ClimbWithMeTests" */ = {
			isa = XCConfigurationList;
			buildConfigurations = (
				111E91CD1EB594180072D98E /* Debug */,
				111E91CE1EB594180072D98E /* Release */,
			);
			defaultConfigurationIsVisible = 0;
			defaultConfigurationName = Release;
		};
/* End XCConfigurationList section */
	};
	rootObject = 111E91A41EB594160072D98E /* Project object */;
}
